
Microsoft Visual Studio Solution File, Format Version 12.00
# Visual Studio Version 17
VisualStudioVersion = 17.10.34804.81
MinimumVisualStudioVersion = 10.0.40219.1
Project("{FAE04EC0-301F-11D3-BF4B-00C04F79EFBC}") = "Week15", "Week15\Week15.csproj", "{288A01DF-92CF-47B1-8230-56D6E301F4AE}"
EndProject
Global
	GlobalSection(SolutionConfigurationPlatforms) = preSolution
		Debug|Any CPU = Debug|Any CPU
		Release|Any CPU = Release|Any CPU
	EndGlobalSection
	GlobalSection(ProjectConfigurationPlatforms) = postSolution
		{288A01DF-92CF-47B1-8230-56D6E301F4AE}.Debug|Any CPU.ActiveCfg = Debug|Any CPU
		{288A01DF-92CF-47B1-8230-56D6E301F4AE}.Debug|Any CPU.Build.0 = Debug|Any CPU
		{288A01DF-92CF-47B1-8230-56D6E301F4AE}.Release|Any CPU.ActiveCfg = Release|Any CPU
		{288A01DF-92CF-47B1-8230-56D6E301F4AE}.Release|Any CPU.Build.0 = Release|Any CPU
	EndGlobalSection
	GlobalSection(SolutionProperties) = preSolution
		HideSolutionNode = FALSE
	EndGlobalSection
	GlobalSection(ExtensibilityGlobals) = postSolution
		SolutionGuid = {CD429112-FC2D-41A2-A0A8-6BC17D8B812F}
	EndGlobalSection
EndGlobal
